
Microsoft Visual Studio Solution File, Format Version 12.00
# Visual Studio Version 16
VisualStudioVersion = 16.0.29709.97
MinimumVisualStudioVersion = 10.0.40219.1
Project("{9A19103F-16F7-4668-BE54-9A1E7A4F7556}") = "bs.LicenseManager", "bs.LicenseManager\bs.LicenseManager.csproj", "{07AF4B22-6B39-44A6-AC79-E8D78B480875}"
EndProject
Project("{FAE04EC0-301F-11D3-BF4B-00C04F79EFBC}") = "bs.LicenseManager.Core", "bs.LicenseManager.Core\bs.LicenseManager.Core.csproj", "{C0423C20-9C67-4DAD-B49A-C2CCD0095D6B}"
EndProject
Project("{FAE04EC0-301F-11D3-BF4B-00C04F79EFBC}") = "bs.LicenseManager.Test", "bs.LicenseManager.Test\bs.LicenseManager.Test.csproj", "{E2F45273-84E2-4D38-996A-B8BD16ACDE2F}"
EndProject
Global
	GlobalSection(SolutionConfigurationPlatforms) = preSolution
		Debug|Any CPU = Debug|Any CPU
		Release|Any CPU = Release|Any CPU
	EndGlobalSection
	GlobalSection(ProjectConfigurationPlatforms) = postSolution
		{07AF4B22-6B39-44A6-AC79-E8D78B480875}.Debug|Any CPU.ActiveCfg = Debug|Any CPU
		{07AF4B22-6B39-44A6-AC79-E8D78B480875}.Debug|Any CPU.Build.0 = Debug|Any CPU
		{07AF4B22-6B39-44A6-AC79-E8D78B480875}.Release|Any CPU.ActiveCfg = Release|Any CPU
		{07AF4B22-6B39-44A6-AC79-E8D78B480875}.Release|Any CPU.Build.0 = Release|Any CPU
		{C0423C20-9C67-4DAD-B49A-C2CCD0095D6B}.Debug|Any CPU.ActiveCfg = Debug|Any CPU
		{C0423C20-9C67-4DAD-B49A-C2CCD0095D6B}.Debug|Any CPU.Build.0 = Debug|Any CPU
		{C0423C20-9C67-4DAD-B49A-C2CCD0095D6B}.Release|Any CPU.ActiveCfg = Release|Any CPU
		{C0423C20-9C67-4DAD-B49A-C2CCD0095D6B}.Release|Any CPU.Build.0 = Release|Any CPU
		{E2F45273-84E2-4D38-996A-B8BD16ACDE2F}.Debug|Any CPU.ActiveCfg = Debug|Any CPU
		{E2F45273-84E2-4D38-996A-B8BD16ACDE2F}.Debug|Any CPU.Build.0 = Debug|Any CPU
		{E2F45273-84E2-4D38-996A-B8BD16ACDE2F}.Release|Any CPU.ActiveCfg = Release|Any CPU
		{E2F45273-84E2-4D38-996A-B8BD16ACDE2F}.Release|Any CPU.Build.0 = Release|Any CPU
	EndGlobalSection
	GlobalSection(SolutionProperties) = preSolution
		HideSolutionNode = FALSE
	EndGlobalSection
	GlobalSection(ExtensibilityGlobals) = postSolution
		SolutionGuid = {99FE23AB-715B-40A8-9612-A9D8B850E82F}
	EndGlobalSection
EndGlobal
